// !$*UTF8*$!
{
	archiveVersion = 1;
	classes = {
	};
	objectVersion = 50;
	objects = {

/* Begin PBXBuildFile section */
		D07FA680204E97D40063B480 /* AppDelegate.m in Sources */ = {isa = PBXBuildFile; fileRef = D07FA67F204E97D40063B480 /* AppDelegate.m */; };
		D07FA683204E97D40063B480 /* ViewController.m in Sources */ = {isa = PBXBuildFile; fileRef = D07FA682204E97D40063B480 /* ViewController.m */; };
		D07FA686204E97D40063B480 /* Main.storyboard in Resources */ = {isa = PBXBuildFile; fileRef = D07FA684204E97D40063B480 /* Main.storyboard */; };
		D07FA688204E97D70063B480 /* Assets.xcassets in Resources */ = {isa = PBXBuildFile; fileRef = D07FA687204E97D70063B480 /* Assets.xcassets */; };
		D07FA68B204E97D70063B480 /* LaunchScreen.storyboard in Resources */ = {isa = PBXBuildFile; fileRef = D07FA689204E97D70063B480 /* LaunchScreen.storyboard */; };
		D07FA68E204E97D70063B480 /* main.m in Sources */ = {isa = PBXBuildFile; fileRef = D07FA68D204E97D70063B480 /* main.m */; };
		D07FA69B204E97FF0063B480 /* SignalHandler.m in Sources */ = {isa = PBXBuildFile; fileRef = D07FA696204E97FF0063B480 /* SignalHandler.m */; };
		D07FA69C204E97FF0063B480 /* UncaughtExceptionHandler.m in Sources */ = {isa = PBXBuildFile; fileRef = D07FA698204E97FF0063B480 /* UncaughtExceptionHandler.m */; };
/* End PBXBuildFile section */

/* Begin PBXFileReference section */
		D07FA67B204E97D40063B480 /* UncaughtException.app */ = {isa = PBXFileReference; explicitFileType = wrapper.application; includeInIndex = 0; path = UncaughtException.app; sourceTree = BUILT_PRODUCTS_DIR; };
		D07FA67E204E97D40063B480 /* AppDelegate.h */ = {isa = PBXFileReference; lastKnownFileType = sourcecode.c.h; path = AppDelegate.h; sourceTree = "<group>"; };
		D07FA67F204E97D40063B480 /* AppDelegate.m */ = {isa = PBXFileReference; lastKnownFileType = sourcecode.c.objc; path = AppDelegate.m; sourceTree = "<group>"; };
		D07FA681204E97D40063B480 /* ViewController.h */ = {isa = PBXFileReference; lastKnownFileType = sourcecode.c.h; path = ViewController.h; sourceTree = "<group>"; };
		D07FA682204E97D40063B480 /* ViewController.m */ = {isa = PBXFileReference; lastKnownFileType = sourcecode.c.objc; path = ViewController.m; sourceTree = "<group>"; };
		D07FA685204E97D40063B480 /* Base */ = {isa = PBXFileReference; lastKnownFileType = file.storyboard; name = Base; path = Base.lproj/Main.storyboard; sourceTree = "<group>"; };
		D07FA687204E97D70063B480 /* Assets.xcassets */ = {isa = PBXFileReference; lastKnownFileType = folder.assetcatalog; path = Assets.xcassets; sourceTree = "<group>"; };
		D07FA68A204E97D70063B480 /* Base */ = {isa = PBXFileReference; lastKnownFileType = file.storyboard; name = Base; path = Base.lproj/LaunchScreen.storyboard; sourceTree = "<group>"; };
		D07FA68C204E97D70063B480 /* Info.plist */ = {isa = PBXFileReference; lastKnownFileType = text.plist.xml; path = Info.plist; sourceTree = "<group>"; };
		D07FA68D204E97D70063B480 /* main.m */ = {isa = PBXFileReference; lastKnownFileType = sourcecode.c.objc; path = main.m; sourceTree = "<group>"; };
		D07FA695204E97FF0063B480 /* UncaughtExceptionHandler.h */ = {isa = PBXFileReference; fileEncoding = 4; lastKnownFileType = sourcecode.c.h; path = UncaughtExceptionHandler.h; sourceTree = "<group>"; };
		D07FA696204E97FF0063B480 /* SignalHandler.m */ = {isa = PBXFileReference; fileEncoding = 4; lastKnownFileType = sourcecode.c.objc; path = SignalHandler.m; sourceTree = "<group>"; };
		D07FA698204E97FF0063B480 /* UncaughtExceptionHandler.m */ = {isa = PBXFileReference; fileEncoding = 4; lastKnownFileType = sourcecode.c.objc; path = UncaughtExceptionHandler.m; sourceTree = "<group>"; };
		D07FA699204E97FF0063B480 /* SignalHandler.h */ = {isa = PBXFileReference; fileEncoding = 4; lastKnownFileType = sourcecode.c.h; path = SignalHandler.h; sourceTree = "<group>"; };
/* End PBXFileReference section */

/* Begin PBXFrameworksBuildPhase section */
		D07FA678204E97D40063B480 /* Frameworks */ = {
			isa = PBXFrameworksBuildPhase;
			buildActionMask = 2147483647;
			files = (
			);
			runOnlyForDeploymentPostprocessing = 0;
		};
/* End PBXFrameworksBuildPhase section */

/* Begin PBXGroup section */
		D07FA672204E97D40063B480 = {
			isa = PBXGroup;
			children = (
				D07FA67D204E97D40063B480 /* UncaughtException */,
				D07FA67C204E97D40063B480 /* Products */,
			);
			sourceTree = "<group>";
		};
		D07FA67C204E97D40063B480 /* Products */ = {
			isa = PBXGroup;
			children = (
				D07FA67B204E97D40063B480 /* UncaughtException.app */,
			);
			name = Products;
			sourceTree = "<group>";
		};
		D07FA67D204E97D40063B480 /* UncaughtException */ = {
			isa = PBXGroup;
			children = (
				D07FA694204E97FF0063B480 /* CrashHelp */,
				D07FA67E204E97D40063B480 /* AppDelegate.h */,
				D07FA67F204E97D40063B480 /* AppDelegate.m */,
				D07FA681204E97D40063B480 /* ViewController.h */,
				D07FA682204E97D40063B480 /* ViewController.m */,
				D07FA684204E97D40063B480 /* Main.storyboard */,
				D07FA687204E97D70063B480 /* Assets.xcassets */,
				D07FA689204E97D70063B480 /* LaunchScreen.storyboard */,
				D07FA68C204E97D70063B480 /* Info.plist */,
				D07FA68D204E97D70063B480 /* main.m */,
			);
			path = UncaughtException;
			sourceTree = "<group>";
		};
		D07FA694204E97FF0063B480 /* CrashHelp */ = {
			isa = PBXGroup;
			children = (
				D07FA695204E97FF0063B480 /* UncaughtExceptionHandler.h */,
				D07FA698204E97FF0063B480 /* UncaughtExceptionHandler.m */,
				D07FA699204E97FF0063B480 /* SignalHandler.h */,
				D07FA696204E97FF0063B480 /* SignalHandler.m */,
			);
			name = CrashHelp;
			path = "../../../Downloads/iOSCrashUncaught-master/UncaughtExceptionDemo/CrashHelp";
			sourceTree = "<group>";
		};
/* End PBXGroup section */

/* Begin PBXNativeTarget section */
		D07FA67A204E97D40063B480 /* UncaughtException */ = {
			isa = PBXNativeTarget;
			buildConfigurationList = D07FA691204E97D70063B480 /* Build configuration list for PBXNativeTarget "UncaughtException" */;
			buildPhases = (
				D07FA677204E97D40063B480 /* Sources */,
				D07FA678204E97D40063B480 /* Frameworks */,
				D07FA679204E97D40063B480 /* Resources */,
			);
			buildRules = (
			);
			dependencies = (
			);
			name = UncaughtException;
			productName = UncaughtException;
			productReference = D07FA67B204E97D40063B480 /* UncaughtException.app */;
			productType = "com.apple.product-type.application";
		};
/* End PBXNativeTarget section */

/* Begin PBXProject section */
		D07FA673204E97D40063B480 /* Project object */ = {
			isa = PBXProject;
			attributes = {
				LastUpgradeCheck = 0930;
				ORGANIZATIONNAME = Phoenix;
				TargetAttributes = {
					D07FA67A204E97D40063B480 = {
						CreatedOnToolsVersion = 9.3;
					};
				};
			};
			buildConfigurationList = D07FA676204E97D40063B480 /* Build configuration list for PBXProject "UncaughtException" */;
			compatibilityVersion = "Xcode 9.3";
			developmentRegion = en;
			hasScannedForEncodings = 0;
			knownRegions = (
				en,
				Base,
			);
			mainGroup = D07FA672204E97D40063B480;
			productRefGroup = D07FA67C204E97D40063B480 /* Products */;
			projectDirPath = "";
			projectRoot = "";
			targets = (
				D07FA67A204E97D40063B480 /* UncaughtException */,
			);
		};
/* End PBXProject section */

/* Begin PBXResourcesBuildPhase section */
		D07FA679204E97D40063B480 /* Resources */ = {
			isa = PBXResourcesBuildPhase;
			buildActionMask = 2147483647;
			files = (
				D07FA68B204E97D70063B480 /* LaunchScreen.storyboard in Resources */,
				D07FA688204E97D70063B480 /* Assets.xcassets in Resources */,
				D07FA686204E97D40063B480 /* Main.storyboard in Resources */,
			);
			runOnlyForDeploymentPostprocessing = 0;
		};
/* End PBXResourcesBuildPhase section */

/* Begin PBXSourcesBuildPhase section */
		D07FA677204E97D40063B480 /* Sources */ = {
			isa = PBXSourcesBuildPhase;
			buildActionMask = 2147483647;
			files = (
				D07FA683204E97D40063B480 /* ViewController.m in Sources */,
				D07FA69C204E97FF0063B480 /* UncaughtExceptionHandler.m in Sources */,
				D07FA68E204E97D70063B480 /* main.m in Sources */,
				D07FA69B204E97FF0063B480 /* SignalHandler.m in Sources */,
				D07FA680204E97D40063B480 /* AppDelegate.m in Sources */,
			);
			runOnlyForDeploymentPostprocessing = 0;
		};
/* End PBXSourcesBuildPhase section */

/* Begin PBXVariantGroup section */
		D07FA684204E97D40063B480 /* Main.storyboard */ = {
			isa = PBXVariantGroup;
			children = (
				D07FA685204E97D40063B480 /* Base */,
			);
			name = Main.storyboard;
			sourceTree = "<group>";
		};
		D07FA689204E97D70063B480 /* LaunchScreen.storyboard */ = {
			isa = PBXVariantGroup;
			children = (
				D07FA68A204E97D70063B480 /* Base */,
			);
			name = LaunchScreen.storyboard;
			sourceTree = "<group>";
		};
/* End PBXVariantGroup section */

/* Begin XCBuildConfiguration section */
		D07FA68F204E97D70063B480 /* Debug */ = {
			isa = XCBuildConfiguration;
			buildSettings = {
				ALWAYS_SEARCH_USER_PATHS = NO;
				CLANG_ANALYZER_NONNULL = YES;
				CLANG_ANALYZER_NUMBER_OBJECT_CONVERSION = YES_AGGRESSIVE;
				CLANG_CXX_LANGUAGE_STANDARD = "gnu++14";
				CLANG_CXX_LIBRARY = "libc++";
				CLANG_ENABLE_MODULES = YES;
				CLANG_ENABLE_OBJC_ARC = YES;
				CLANG_ENABLE_OBJC_WEAK = YES;
				CLANG_WARN_BLOCK_CAPTURE_AUTORELEASING = YES;
				CLANG_WARN_BOOL_CONVERSION = YES;
				CLANG_WARN_COMMA = YES;
				CLANG_WARN_CONSTANT_CONVERSION = YES;
				CLANG_WARN_DEPRECATED_OBJC_IMPLEMENTATIONS = YES;
				CLANG_WARN_DIRECT_OBJC_ISA_USAGE = YES_ERROR;
				CLANG_WARN_DOCUMENTATION_COMMENTS = YES;
				CLANG_WARN_EMPTY_BODY = YES;
				CLANG_WARN_ENUM_CONVERSION = YES;
				CLANG_WARN_INFINITE_RECURSION = YES;
				CLANG_WARN_INT_CONVERSION = YES;
				CLANG_WARN_NON_LITERAL_NULL_CONVERSION = YES;
				CLANG_WARN_OBJC_IMPLICIT_RETAIN_SELF = YES;
				CLANG_WARN_OBJC_LITERAL_CONVERSION = YES;
				CLANG_WARN_OBJC_ROOT_CLASS = YES_ERROR;
				CLANG_WARN_RANGE_LOOP_ANALYSIS = YES;
				CLANG_WARN_STRICT_PROTOTYPES = YES;
				CLANG_WARN_SUSPICIOUS_MOVE = YES;
				CLANG_WARN_UNGUARDED_AVAILABILITY = YES_AGGRESSIVE;
				CLANG_WARN_UNREACHABLE_CODE = YES;
				CLANG_WARN__DUPLICATE_METHOD_MATCH = YES;
				CODE_SIGN_IDENTITY = "iPhone Developer";
				COPY_PHASE_STRIP = NO;
				DEBUG_INFORMATION_FORMAT = dwarf;
				ENABLE_STRICT_OBJC_MSGSEND = YES;
				ENABLE_TESTABILITY = YES;
				GCC_C_LANGUAGE_STANDARD = gnu11;
				GCC_DYNAMIC_NO_PIC = NO;
				GCC_NO_COMMON_BLOCKS = YES;
				GCC_OPTIMIZATION_LEVEL = 0;
				GCC_PREPROCESSOR_DEFINITIONS = (
					"DEBUG=1",
					"$(inherited)",
				);
				GCC_WARN_64_TO_32_BIT_CONVERSION = YES;
				GCC_WARN_ABOUT_RETURN_TYPE = YES_ERROR;
				GCC_WARN_UNDECLARED_SELECTOR = YES;
				GCC_WARN_UNINITIALIZED_AUTOS = YES_AGGRESSIVE;
				GCC_WARN_UNUSED_FUNCTION = YES;
				GCC_WARN_UNUSED_VARIABLE = YES;
				IPHONEOS_DEPLOYMENT_TARGET = 11.3;
				MTL_ENABLE_DEBUG_INFO = YES;
				ONLY_ACTIVE_ARCH = YES;
				SDKROOT = iphoneos;
			};
			name = Debug;
		};
		D07FA690204E97D70063B480 /* Release */ = {
			isa = XCBuildConfiguration;
			buildSettings = {
				ALWAYS_SEARCH_USER_PATHS = NO;
				CLANG_ANALYZER_NONNULL = YES;
				CLANG_ANALYZER_NUMBER_OBJECT_CONVERSION = YES_AGGRESSIVE;
				CLANG_CXX_LANGUAGE_STANDARD = "gnu++14";
				CLANG_CXX_LIBRARY = "libc++";
				CLANG_ENABLE_MODULES = YES;
				CLANG_ENABLE_OBJC_ARC = YES;
				CLANG_ENABLE_OBJC_WEAK = YES;
				CLANG_WARN_BLOCK_CAPTURE_AUTORELEASING = YES;
				CLANG_WARN_BOOL_CONVERSION = YES;
				CLANG_WARN_COMMA = YES;
				CLANG_WARN_CONSTANT_CONVERSION = YES;
				CLANG_WARN_DEPRECATED_OBJC_IMPLEMENTATIONS = YES;
				CLANG_WARN_DIRECT_OBJC_ISA_USAGE = YES_ERROR;
				CLANG_WARN_DOCUMENTATION_COMMENTS = YES;
				CLANG_WARN_EMPTY_BODY = YES;
				CLANG_WARN_ENUM_CONVERSION = YES;
				CLANG_WARN_INFINITE_RECURSION = YES;
				CLANG_WARN_INT_CONVERSION = YES;
				CLANG_WARN_NON_LITERAL_NULL_CONVERSION = YES;
				CLANG_WARN_OBJC_IMPLICIT_RETAIN_SELF = YES;
				CLANG_WARN_OBJC_LITERAL_CONVERSION = YES;
				CLANG_WARN_OBJC_ROOT_CLASS = YES_ERROR;
				CLANG_WARN_RANGE_LOOP_ANALYSIS = YES;
				CLANG_WARN_STRICT_PROTOTYPES = YES;
				CLANG_WARN_SUSPICIOUS_MOVE = YES;
				CLANG_WARN_UNGUARDED_AVAILABILITY = YES_AGGRESSIVE;
				CLANG_WARN_UNREACHABLE_CODE = YES;
				CLANG_WARN__DUPLICATE_METHOD_MATCH = YES;
				CODE_SIGN_IDENTITY = "iPhone Developer";
				COPY_PHASE_STRIP = NO;
				DEBUG_INFORMATION_FORMAT = "dwarf-with-dsym";
				ENABLE_NS_ASSERTIONS = NO;
				ENABLE_STRICT_OBJC_MSGSEND = YES;
				GCC_C_LANGUAGE_STANDARD = gnu11;
				GCC_NO_COMMON_BLOCKS = YES;
				GCC_WARN_64_TO_32_BIT_CONVERSION = YES;
				GCC_WARN_ABOUT_RETURN_TYPE = YES_ERROR;
				GCC_WARN_UNDECLARED_SELECTOR = YES;
				GCC_WARN_UNINITIALIZED_AUTOS = YES_AGGRESSIVE;
				GCC_WARN_UNUSED_FUNCTION = YES;
				GCC_WARN_UNUSED_VARIABLE = YES;
				IPHONEOS_DEPLOYMENT_TARGET = 11.3;
				MTL_ENABLE_DEBUG_INFO = NO;
				SDKROOT = iphoneos;
				VALIDATE_PRODUCT = YES;
			};
			name = Release;
		};
		D07FA692204E97D70063B480 /* Debug */ = {
			isa = XCBuildConfiguration;
			buildSettings = {
				ASSETCATALOG_COMPILER_APPICON_NAME = AppIcon;
				CODE_SIGN_STYLE = Automatic;
				DEVELOPMENT_TEAM = 8TCNQ547JF;
				INFOPLIST_FILE = UncaughtException/Info.plist;
				LD_RUNPATH_SEARCH_PATHS = (
					"$(inherited)",
					"@executable_path/Frameworks",
				);
				PRODUCT_BUNDLE_IDENTIFIER = com.phoenix.UncaughtException;
				PRODUCT_NAME = "$(TARGET_NAME)";
				TARGETED_DEVICE_FAMILY = "1,2";
			};
			name = Debug;
		};
		D07FA693204E97D70063B480 /* Release */ = {
			isa = XCBuildConfiguration;
			buildSettings = {
				ASSETCATALOG_COMPILER_APPICON_NAME = AppIcon;
				CODE_SIGN_STYLE = Automatic;
				DEVELOPMENT_TEAM = 8TCNQ547JF;
				INFOPLIST_FILE = UncaughtException/Info.plist;
				LD_RUNPATH_SEARCH_PATHS = (
					"$(inherited)",
					"@executable_path/Frameworks",
				);
				PRODUCT_BUNDLE_IDENTIFIER = com.phoenix.UncaughtException;
				PRODUCT_NAME = "$(TARGET_NAME)";
				TARGETED_DEVICE_FAMILY = "1,2";
			};
			name = Release;
		};
/* End XCBuildConfiguration section */

/* Begin XCConfigurationList section */
		D07FA676204E97D40063B480 /* Build configuration list for PBXProject "UncaughtException" */ = {
			isa = XCConfigurationList;
			buildConfigurations = (
				D07FA68F204E97D70063B480 /* Debug */,
				D07FA690204E97D70063B480 /* Release */,
			);
			defaultConfigurationIsVisible = 0;
			defaultConfigurationName = Release;
		};
		D07FA691204E97D70063B480 /* Build configuration list for PBXNativeTarget "UncaughtException" */ = {
			isa = XCConfigurationList;
			buildConfigurations = (
				D07FA692204E97D70063B480 /* Debug */,
				D07FA693204E97D70063B480 /* Release */,
			);
			defaultConfigurationIsVisible = 0;
			defaultConfigurationName = Release;
		};
/* End XCConfigurationList section */
	};
	rootObject = D07FA673204E97D40063B480 /* Project object */;
}
